
Microsoft Visual Studio Solution File, Format Version 12.00
# Visual Studio Version 17
VisualStudioVersion = 17.12.35707.178
MinimumVisualStudioVersion = 10.0.40219.1
Project("{FAE04EC0-301F-11D3-BF4B-00C04F79EFBC}") = "UpAndDownCardGame", "UpAndDownCardGame\UpAndDownCardGame.csproj", "{06C286AE-137A-4D46-BA1F-A2E888FCFCE6}"
EndProject
Project("{FAE04EC0-301F-11D3-BF4B-00C04F79EFBC}") = "UpAndDown.Tests", "UpAndDown.Tests\UpAndDown.Tests.csproj", "{97882FEA-906D-434D-B29B-3FE27A5F4054}"
EndProject
Global
	GlobalSection(SolutionConfigurationPlatforms) = preSolution
		Debug|Any CPU = Debug|Any CPU
		Release|Any CPU = Release|Any CPU
	EndGlobalSection
	GlobalSection(ProjectConfigurationPlatforms) = postSolution
		{06C286AE-137A-4D46-BA1F-A2E888FCFCE6}.Debug|Any CPU.ActiveCfg = Debug|Any CPU
		{06C286AE-137A-4D46-BA1F-A2E888FCFCE6}.Debug|Any CPU.Build.0 = Debug|Any CPU
		{06C286AE-137A-4D46-BA1F-A2E888FCFCE6}.Release|Any CPU.ActiveCfg = Release|Any CPU
		{06C286AE-137A-4D46-BA1F-A2E888FCFCE6}.Release|Any CPU.Build.0 = Release|Any CPU
		{97882FEA-906D-434D-B29B-3FE27A5F4054}.Debug|Any CPU.ActiveCfg = Debug|Any CPU
		{97882FEA-906D-434D-B29B-3FE27A5F4054}.Debug|Any CPU.Build.0 = Debug|Any CPU
		{97882FEA-906D-434D-B29B-3FE27A5F4054}.Release|Any CPU.ActiveCfg = Release|Any CPU
		{97882FEA-906D-434D-B29B-3FE27A5F4054}.Release|Any CPU.Build.0 = Release|Any CPU
	EndGlobalSection
	GlobalSection(SolutionProperties) = preSolution
		HideSolutionNode = FALSE
	EndGlobalSection
EndGlobal
